
Microsoft Visual Studio Solution File, Format Version 12.00
# Visual Studio Version 16
VisualStudioVersion = 16.0.29215.179
MinimumVisualStudioVersion = 10.0.40219.1
Project("{FAE04EC0-301F-11D3-BF4B-00C04F79EFBC}") = "API", "API\API.csproj", "{662CDBB1-4E93-4EC5-89E6-FB0273F99C65}"
EndProject
Global
	GlobalSection(SolutionConfigurationPlatforms) = preSolution
		Debug|Any CPU = Debug|Any CPU
		Release|Any CPU = Release|Any CPU
	EndGlobalSection
	GlobalSection(ProjectConfigurationPlatforms) = postSolution
		{662CDBB1-4E93-4EC5-89E6-FB0273F99C65}.Debug|Any CPU.ActiveCfg = Debug|Any CPU
		{662CDBB1-4E93-4EC5-89E6-FB0273F99C65}.Debug|Any CPU.Build.0 = Debug|Any CPU
		{662CDBB1-4E93-4EC5-89E6-FB0273F99C65}.Release|Any CPU.ActiveCfg = Release|Any CPU
		{662CDBB1-4E93-4EC5-89E6-FB0273F99C65}.Release|Any CPU.Build.0 = Release|Any CPU
	EndGlobalSection
	GlobalSection(SolutionProperties) = preSolution
		HideSolutionNode = FALSE
	EndGlobalSection
	GlobalSection(ExtensibilityGlobals) = postSolution
		SolutionGuid = {B7737F47-CC81-4863-8745-FF3E695463E8}
	EndGlobalSection
EndGlobal
